
Microsoft Visual Studio Solution File, Format Version 12.00
# Visual Studio Version 17
VisualStudioVersion = 17.12.35527.113
MinimumVisualStudioVersion = 10.0.40219.1
Project("{FAE04EC0-301F-11D3-BF4B-00C04F79EFBC}") = "Pong", "PongApps\Pong\Pong.csproj", "{39EE73E7-F285-4DD6-97F2-40DBB83629A7}"
EndProject
Project("{FAE04EC0-301F-11D3-BF4B-00C04F79EFBC}") = "Homework12GuestBook", "Homework12GuestBookApp\Homework12GuestBook\Homework12GuestBook.csproj", "{A8077304-74BE-4E92-85F3-8EAACD7BE33F}"
EndProject
Project("{2150E333-8FDC-42A3-9474-1A3956D46DE8}") = "Homework22BetterGuestBookApp", "Homework22BetterGuestBookApp", "{9F820E29-61E6-45F3-8094-7A3DE92D5601}"
EndProject
Project("{FAE04EC0-301F-11D3-BF4B-00C04F79EFBC}") = "GuestBookLibrary", "Homework22BetterGuestBookApp\GuestBookLibrary\GuestBookLibrary.csproj", "{BCABDAC2-C43A-4A76-A20E-651D1D8CDB24}"
EndProject
Project("{FAE04EC0-301F-11D3-BF4B-00C04F79EFBC}") = "Homework22BetterGuestBook", "Homework22BetterGuestBookApp\Homework22BetterGuestBook\Homework22BetterGuestBook.csproj", "{B7A79594-B164-4A43-91B7-BE2DB01CA2F0}"
EndProject
Project("{FAE04EC0-301F-11D3-BF4B-00C04F79EFBC}") = "Homework39WinForms", "Homework39WinFormsApp\Homework39WinForms\Homework39WinForms.csproj", "{6FB6CCD5-FA9A-4244-BDA3-11AE4FD1BF72}"
EndProject
Project("{FAE04EC0-301F-11D3-BF4B-00C04F79EFBC}") = "Homework40WinFormsMiniProject", "Homework40WinFormsMiniProjectApp\Homework40WinFormsMiniProject\Homework40WinFormsMiniProject.csproj", "{7C25C9EC-CB9F-4E3B-ACF3-B0142639ED1B}"
EndProject
Project("{FAE04EC0-301F-11D3-BF4B-00C04F79EFBC}") = "Homework41WPF", "Homework41WPFApp\Homework41WPF\Homework41WPF.csproj", "{70D57DF6-AC2B-4FDB-AD76-91ACCB3B831D}"
EndProject
Project("{2150E333-8FDC-42A3-9474-1A3956D46DE8}") = "Homework42WPFMiniProjectApp", "Homework42WPFMiniProjectApp", "{6D7EEFC2-7FDB-4034-A6E1-F7B9166B4D74}"
EndProject
Project("{FAE04EC0-301F-11D3-BF4B-00C04F79EFBC}") = "HomeworkLibrary", "Homework42WPFMiniProjectApp\HomeworkLibrary\HomeworkLibrary.csproj", "{D4266561-563B-4D6B-B63C-58FBD68EDC5D}"
EndProject
Project("{FAE04EC0-301F-11D3-BF4B-00C04F79EFBC}") = "Homework42WPFMiniProject", "Homework42WPFMiniProjectApp\Homework42WPFMiniProject\Homework42WPFMiniProject.csproj", "{C26B0474-2366-4B01-8B89-3DB280F12EDC}"
EndProject
Project("{FAE04EC0-301F-11D3-BF4B-00C04F79EFBC}") = "Homework51BlazorWebAssembly", "Homework51BlazorWebAssemblyApp\Homework51BlazorWebAssembly\Homework51BlazorWebAssembly.csproj", "{D5E576E9-C674-4494-B80B-762965B0EB16}"
EndProject
Project("{2150E333-8FDC-42A3-9474-1A3956D46DE8}") = "Homework53SQLDatabaseApp", "Homework53SQLDatabaseApp", "{7950EF01-E7D6-415B-948B-298EFE62029F}"
EndProject
Project("{FAE04EC0-301F-11D3-BF4B-00C04F79EFBC}") = "DataAccessLibrary", "Homework53SQLDatabaseApp\DataAccessLibrary\DataAccessLibrary.csproj", "{FEBC70EC-985A-461E-8179-8585D80DDA23}"
EndProject
Project("{FAE04EC0-301F-11D3-BF4B-00C04F79EFBC}") = "Homework53SQLDatabase", "Homework53SQLDatabaseApp\Homework53SQLDatabase\Homework53SQLDatabase.csproj", "{E2FCAE6D-A408-43D7-9EA5-1428ADE25665}"
EndProject
Project("{FAE04EC0-301F-11D3-BF4B-00C04F79EFBC}") = "Homework54SQLiteDatabase", "Homework53SQLDatabaseApp\Homework54SQLiteDatabase\Homework54SQLiteDatabase.csproj", "{174D09E9-590A-4B2F-B258-D74D1B829D5F}"
EndProject
Project("{FAE04EC0-301F-11D3-BF4B-00C04F79EFBC}") = "Homework55MySqlDatabase", "Homework53SQLDatabaseApp\Homework55MySqlDatabase\Homework55MySqlDatabase.csproj", "{CBC2ECB7-92C2-43F2-ADA4-E2E65C1652D2}"
EndProject
Project("{00D1A9C2-B5F0-4AF3-8072-F6C62B433612}") = "SQLHomework53DB", "Homework53SQLDatabaseApp\SQLHomework53DB\SQLHomework53DB.sqlproj", "{094E7F19-91DE-46EB-BA65-473FB761BFCE}"
EndProject
Project("{2150E333-8FDC-42A3-9474-1A3956D46DE8}") = "Homework56MongoDBApp", "Homework56MongoDBApp", "{9A88A6ED-C442-472C-9089-2CB1CCBE0E66}"
EndProject
Project("{FAE04EC0-301F-11D3-BF4B-00C04F79EFBC}") = "DataAccessLibrary", "Homework56MongoDBApp\DataAccessLibrary\DataAccessLibrary.csproj", "{F0A081A4-6046-4A99-8EC4-B4EC90A73C1C}"
EndProject
Project("{FAE04EC0-301F-11D3-BF4B-00C04F79EFBC}") = "Homework56MongoDB", "Homework56MongoDBApp\Homework56MongoDB\Homework56MongoDB.csproj", "{4235AE94-C13F-4AF7-8B93-E9D17217A4FA}"
EndProject
Project("{FAE04EC0-301F-11D3-BF4B-00C04F79EFBC}") = "Homework57CosmosDB", "Homework56MongoDBApp\Homework57CosmosDB\Homework57CosmosDB.csproj", "{F02343D9-1177-4705-8191-2F2893AD0FEE}"
EndProject
Project("{2150E333-8FDC-42A3-9474-1A3956D46DE8}") = "Homework58TextFileApp", "Homework58TextFileApp", "{ABFD6237-5E93-40B3-873F-BDD68C7D4FB7}"
EndProject
Project("{FAE04EC0-301F-11D3-BF4B-00C04F79EFBC}") = "DataAccessLibrary", "Homework58TextFileApp\DataAccessLibrary\DataAccessLibrary.csproj", "{029CBF60-C4FB-4CBB-A619-68955932D00D}"
EndProject
Project("{FAE04EC0-301F-11D3-BF4B-00C04F79EFBC}") = "Homework58TextFile", "Homework58TextFileApp\Homework58TextFile\Homework58TextFile.csproj", "{178057AB-1A4B-4390-9D05-12DFB7687A36}"
EndProject
Project("{2150E333-8FDC-42A3-9474-1A3956D46DE8}") = "Homework61EntityFrameworkApp", "Homework61EntityFrameworkApp", "{77B43E03-BF35-4108-B1E4-32802E82CE33}"
EndProject
Project("{FAE04EC0-301F-11D3-BF4B-00C04F79EFBC}") = "DataAccessLibrary", "Homework61EntityFrameworkApp\DataAccessLibrary\DataAccessLibrary.csproj", "{414D2936-6DC9-4C4A-AEF5-5F9BF1BD8A74}"
EndProject
Project("{FAE04EC0-301F-11D3-BF4B-00C04F79EFBC}") = "Homework61EntityFramework", "Homework61EntityFrameworkApp\Homework61EntityFramework\Homework61EntityFramework.csproj", "{F314839A-B2DA-4B1A-9448-EB74F8C49327}"
EndProject
Project("{2150E333-8FDC-42A3-9474-1A3956D46DE8}") = "HotelApp", "HotelApp", "{AD5B3A80-2ED3-44A2-A0BB-E1BDD14EB600}"
EndProject
Project("{FAE04EC0-301F-11D3-BF4B-00C04F79EFBC}") = "HotelApp.Desktop", "HotelApp\HotelApp.Desktop\HotelApp.Desktop.csproj", "{F4B1EDF6-D022-46E1-BE42-F1305C9F2469}"
EndProject
Project("{FAE04EC0-301F-11D3-BF4B-00C04F79EFBC}") = "HotelApp.Webb", "HotelApp\HotelApp.Webb\HotelApp.Webb.csproj", "{F8338DAE-B1D9-4FC3-B082-DF37D5ECDB7A}"
EndProject
Project("{00D1A9C2-B5F0-4AF3-8072-F6C62B433612}") = "HotelAppDB", "HotelApp\HotelAppDB\HotelAppDB.sqlproj", "{87C75172-6894-4F39-A4CD-FFEEAAB53C96}"
EndProject
Project("{FAE04EC0-301F-11D3-BF4B-00C04F79EFBC}") = "HotelAppLibrary", "HotelApp\HotelAppLibrary\HotelAppLibrary.csproj", "{584AFD12-7663-4CBF-A7B4-4BE6A114CD5A}"
EndProject
Project("{FAE04EC0-301F-11D3-BF4B-00C04F79EFBC}") = "MessageWall", "MessageWallApp\MessageWall\MessageWall.csproj", "{5FBE6C35-4566-4994-BA6A-F97FC8F48F92}"
EndProject
Project("{2150E333-8FDC-42A3-9474-1A3956D46DE8}") = "TextFileSolution", "TextFileSolution", "{8268D674-FE0E-41B2-B654-2934A451207C}"
EndProject
Project("{FAE04EC0-301F-11D3-BF4B-00C04F79EFBC}") = "DataAccessLibrary", "TextFileSolution\DataAccessLibrary\DataAccessLibrary.csproj", "{EBB9C14E-5E40-4567-82ED-8961B31E3499}"
EndProject
Project("{FAE04EC0-301F-11D3-BF4B-00C04F79EFBC}") = "TextFileUI", "TextFileSolution\TextFileUI\TextFileUI.csproj", "{742D4278-7225-4EDF-9511-BDB0D4CC9511}"
EndProject
Project("{2150E333-8FDC-42A3-9474-1A3956D46DE8}") = "TournamentTracker", "TournamentTracker", "{8CFCA658-0C45-4EDF-BD5D-21D55DDDE4C9}"
EndProject
Project("{FAE04EC0-301F-11D3-BF4B-00C04F79EFBC}") = "TrackerLibrary", "TournamentTracker\TournamentTracker\TrackerLibrary\TrackerLibrary.csproj", "{B67890C4-6823-46A2-BE4D-C5388618F86E}"
EndProject
Project("{FAE04EC0-301F-11D3-BF4B-00C04F79EFBC}") = "TrackerUI-WinForms", "TournamentTracker\TournamentTracker\TrackerUI-WinForms\TrackerUI-WinForms.csproj", "{333E528A-FB9E-46CD-9149-25BC9A930BF3}"
EndProject
Project("{FAE04EC0-301F-11D3-BF4B-00C04F79EFBC}") = "WPFMessageWall", "WPFMessageWallApp\WPFMessageWall\WPFMessageWall.csproj", "{2B9E9D62-2BD2-4DC4-B66B-00DB4ABFCFE4}"
EndProject
Project("{FAE04EC0-301F-11D3-BF4B-00C04F79EFBC}") = "RgbCube", "WpfTesting\RgbCube\RgbCube.csproj", "{3710AE1E-8964-4403-986F-A8F98F51BFA3}"
EndProject
Project("{FAE04EC0-301F-11D3-BF4B-00C04F79EFBC}") = "WpfTesting", "WpfTesting\WpfTesting\WpfTesting.csproj", "{C869B349-4C00-49E6-836E-470FF2CEBCBB}"
EndProject
Global
	GlobalSection(SolutionConfigurationPlatforms) = preSolution
		Debug|Any CPU = Debug|Any CPU
		Release|Any CPU = Release|Any CPU
	EndGlobalSection
	GlobalSection(ProjectConfigurationPlatforms) = postSolution
		{39EE73E7-F285-4DD6-97F2-40DBB83629A7}.Debug|Any CPU.ActiveCfg = Debug|Any CPU
		{39EE73E7-F285-4DD6-97F2-40DBB83629A7}.Debug|Any CPU.Build.0 = Debug|Any CPU
		{39EE73E7-F285-4DD6-97F2-40DBB83629A7}.Release|Any CPU.ActiveCfg = Release|Any CPU
		{39EE73E7-F285-4DD6-97F2-40DBB83629A7}.Release|Any CPU.Build.0 = Release|Any CPU
		{A8077304-74BE-4E92-85F3-8EAACD7BE33F}.Debug|Any CPU.ActiveCfg = Debug|Any CPU
		{A8077304-74BE-4E92-85F3-8EAACD7BE33F}.Debug|Any CPU.Build.0 = Debug|Any CPU
		{A8077304-74BE-4E92-85F3-8EAACD7BE33F}.Release|Any CPU.ActiveCfg = Release|Any CPU
		{A8077304-74BE-4E92-85F3-8EAACD7BE33F}.Release|Any CPU.Build.0 = Release|Any CPU
		{BCABDAC2-C43A-4A76-A20E-651D1D8CDB24}.Debug|Any CPU.ActiveCfg = Debug|Any CPU
		{BCABDAC2-C43A-4A76-A20E-651D1D8CDB24}.Debug|Any CPU.Build.0 = Debug|Any CPU
		{BCABDAC2-C43A-4A76-A20E-651D1D8CDB24}.Release|Any CPU.ActiveCfg = Release|Any CPU
		{BCABDAC2-C43A-4A76-A20E-651D1D8CDB24}.Release|Any CPU.Build.0 = Release|Any CPU
		{B7A79594-B164-4A43-91B7-BE2DB01CA2F0}.Debug|Any CPU.ActiveCfg = Debug|Any CPU
		{B7A79594-B164-4A43-91B7-BE2DB01CA2F0}.Debug|Any CPU.Build.0 = Debug|Any CPU
		{B7A79594-B164-4A43-91B7-BE2DB01CA2F0}.Release|Any CPU.ActiveCfg = Release|Any CPU
		{B7A79594-B164-4A43-91B7-BE2DB01CA2F0}.Release|Any CPU.Build.0 = Release|Any CPU
		{6FB6CCD5-FA9A-4244-BDA3-11AE4FD1BF72}.Debug|Any CPU.ActiveCfg = Debug|Any CPU
		{6FB6CCD5-FA9A-4244-BDA3-11AE4FD1BF72}.Debug|Any CPU.Build.0 = Debug|Any CPU
		{6FB6CCD5-FA9A-4244-BDA3-11AE4FD1BF72}.Release|Any CPU.ActiveCfg = Release|Any CPU
		{6FB6CCD5-FA9A-4244-BDA3-11AE4FD1BF72}.Release|Any CPU.Build.0 = Release|Any CPU
		{7C25C9EC-CB9F-4E3B-ACF3-B0142639ED1B}.Debug|Any CPU.ActiveCfg = Debug|Any CPU
		{7C25C9EC-CB9F-4E3B-ACF3-B0142639ED1B}.Debug|Any CPU.Build.0 = Debug|Any CPU
		{7C25C9EC-CB9F-4E3B-ACF3-B0142639ED1B}.Release|Any CPU.ActiveCfg = Release|Any CPU
		{7C25C9EC-CB9F-4E3B-ACF3-B0142639ED1B}.Release|Any CPU.Build.0 = Release|Any CPU
		{70D57DF6-AC2B-4FDB-AD76-91ACCB3B831D}.Debug|Any CPU.ActiveCfg = Debug|Any CPU
		{70D57DF6-AC2B-4FDB-AD76-91ACCB3B831D}.Debug|Any CPU.Build.0 = Debug|Any CPU
		{70D57DF6-AC2B-4FDB-AD76-91ACCB3B831D}.Release|Any CPU.ActiveCfg = Release|Any CPU
		{70D57DF6-AC2B-4FDB-AD76-91ACCB3B831D}.Release|Any CPU.Build.0 = Release|Any CPU
		{D4266561-563B-4D6B-B63C-58FBD68EDC5D}.Debug|Any CPU.ActiveCfg = Debug|Any CPU
		{D4266561-563B-4D6B-B63C-58FBD68EDC5D}.Debug|Any CPU.Build.0 = Debug|Any CPU
		{D4266561-563B-4D6B-B63C-58FBD68EDC5D}.Release|Any CPU.ActiveCfg = Release|Any CPU
		{D4266561-563B-4D6B-B63C-58FBD68EDC5D}.Release|Any CPU.Build.0 = Release|Any CPU
		{C26B0474-2366-4B01-8B89-3DB280F12EDC}.Debug|Any CPU.ActiveCfg = Debug|Any CPU
		{C26B0474-2366-4B01-8B89-3DB280F12EDC}.Debug|Any CPU.Build.0 = Debug|Any CPU
		{C26B0474-2366-4B01-8B89-3DB280F12EDC}.Release|Any CPU.ActiveCfg = Release|Any CPU
		{C26B0474-2366-4B01-8B89-3DB280F12EDC}.Release|Any CPU.Build.0 = Release|Any CPU
		{D5E576E9-C674-4494-B80B-762965B0EB16}.Debug|Any CPU.ActiveCfg = Debug|Any CPU
		{D5E576E9-C674-4494-B80B-762965B0EB16}.Debug|Any CPU.Build.0 = Debug|Any CPU
		{D5E576E9-C674-4494-B80B-762965B0EB16}.Release|Any CPU.ActiveCfg = Release|Any CPU
		{D5E576E9-C674-4494-B80B-762965B0EB16}.Release|Any CPU.Build.0 = Release|Any CPU
		{FEBC70EC-985A-461E-8179-8585D80DDA23}.Debug|Any CPU.ActiveCfg = Debug|Any CPU
		{FEBC70EC-985A-461E-8179-8585D80DDA23}.Debug|Any CPU.Build.0 = Debug|Any CPU
		{FEBC70EC-985A-461E-8179-8585D80DDA23}.Release|Any CPU.ActiveCfg = Release|Any CPU
		{FEBC70EC-985A-461E-8179-8585D80DDA23}.Release|Any CPU.Build.0 = Release|Any CPU
		{E2FCAE6D-A408-43D7-9EA5-1428ADE25665}.Debug|Any CPU.ActiveCfg = Debug|Any CPU
		{E2FCAE6D-A408-43D7-9EA5-1428ADE25665}.Debug|Any CPU.Build.0 = Debug|Any CPU
		{E2FCAE6D-A408-43D7-9EA5-1428ADE25665}.Release|Any CPU.ActiveCfg = Release|Any CPU
		{E2FCAE6D-A408-43D7-9EA5-1428ADE25665}.Release|Any CPU.Build.0 = Release|Any CPU
		{174D09E9-590A-4B2F-B258-D74D1B829D5F}.Debug|Any CPU.ActiveCfg = Debug|Any CPU
		{174D09E9-590A-4B2F-B258-D74D1B829D5F}.Debug|Any CPU.Build.0 = Debug|Any CPU
		{174D09E9-590A-4B2F-B258-D74D1B829D5F}.Release|Any CPU.ActiveCfg = Release|Any CPU
		{174D09E9-590A-4B2F-B258-D74D1B829D5F}.Release|Any CPU.Build.0 = Release|Any CPU
		{CBC2ECB7-92C2-43F2-ADA4-E2E65C1652D2}.Debug|Any CPU.ActiveCfg = Debug|Any CPU
		{CBC2ECB7-92C2-43F2-ADA4-E2E65C1652D2}.Debug|Any CPU.Build.0 = Debug|Any CPU
		{CBC2ECB7-92C2-43F2-ADA4-E2E65C1652D2}.Release|Any CPU.ActiveCfg = Release|Any CPU
		{CBC2ECB7-92C2-43F2-ADA4-E2E65C1652D2}.Release|Any CPU.Build.0 = Release|Any CPU
		{094E7F19-91DE-46EB-BA65-473FB761BFCE}.Debug|Any CPU.ActiveCfg = Debug|Any CPU
		{094E7F19-91DE-46EB-BA65-473FB761BFCE}.Debug|Any CPU.Build.0 = Debug|Any CPU
		{094E7F19-91DE-46EB-BA65-473FB761BFCE}.Debug|Any CPU.Deploy.0 = Debug|Any CPU
		{094E7F19-91DE-46EB-BA65-473FB761BFCE}.Release|Any CPU.ActiveCfg = Release|Any CPU
		{094E7F19-91DE-46EB-BA65-473FB761BFCE}.Release|Any CPU.Build.0 = Release|Any CPU
		{094E7F19-91DE-46EB-BA65-473FB761BFCE}.Release|Any CPU.Deploy.0 = Release|Any CPU
		{F0A081A4-6046-4A99-8EC4-B4EC90A73C1C}.Debug|Any CPU.ActiveCfg = Debug|Any CPU
		{F0A081A4-6046-4A99-8EC4-B4EC90A73C1C}.Debug|Any CPU.Build.0 = Debug|Any CPU
		{F0A081A4-6046-4A99-8EC4-B4EC90A73C1C}.Release|Any CPU.ActiveCfg = Release|Any CPU
		{F0A081A4-6046-4A99-8EC4-B4EC90A73C1C}.Release|Any CPU.Build.0 = Release|Any CPU
		{4235AE94-C13F-4AF7-8B93-E9D17217A4FA}.Debug|Any CPU.ActiveCfg = Debug|Any CPU
		{4235AE94-C13F-4AF7-8B93-E9D17217A4FA}.Debug|Any CPU.Build.0 = Debug|Any CPU
		{4235AE94-C13F-4AF7-8B93-E9D17217A4FA}.Release|Any CPU.ActiveCfg = Release|Any CPU
		{4235AE94-C13F-4AF7-8B93-E9D17217A4FA}.Release|Any CPU.Build.0 = Release|Any CPU
		{F02343D9-1177-4705-8191-2F2893AD0FEE}.Debug|Any CPU.ActiveCfg = Debug|Any CPU
		{F02343D9-1177-4705-8191-2F2893AD0FEE}.Debug|Any CPU.Build.0 = Debug|Any CPU
		{F02343D9-1177-4705-8191-2F2893AD0FEE}.Release|Any CPU.ActiveCfg = Release|Any CPU
		{F02343D9-1177-4705-8191-2F2893AD0FEE}.Release|Any CPU.Build.0 = Release|Any CPU
		{029CBF60-C4FB-4CBB-A619-68955932D00D}.Debug|Any CPU.ActiveCfg = Debug|Any CPU
		{029CBF60-C4FB-4CBB-A619-68955932D00D}.Debug|Any CPU.Build.0 = Debug|Any CPU
		{029CBF60-C4FB-4CBB-A619-68955932D00D}.Release|Any CPU.ActiveCfg = Release|Any CPU
		{029CBF60-C4FB-4CBB-A619-68955932D00D}.Release|Any CPU.Build.0 = Release|Any CPU
		{178057AB-1A4B-4390-9D05-12DFB7687A36}.Debug|Any CPU.ActiveCfg = Debug|Any CPU
		{178057AB-1A4B-4390-9D05-12DFB7687A36}.Debug|Any CPU.Build.0 = Debug|Any CPU
		{178057AB-1A4B-4390-9D05-12DFB7687A36}.Release|Any CPU.ActiveCfg = Release|Any CPU
		{178057AB-1A4B-4390-9D05-12DFB7687A36}.Release|Any CPU.Build.0 = Release|Any CPU
		{414D2936-6DC9-4C4A-AEF5-5F9BF1BD8A74}.Debug|Any CPU.ActiveCfg = Debug|Any CPU
		{414D2936-6DC9-4C4A-AEF5-5F9BF1BD8A74}.Debug|Any CPU.Build.0 = Debug|Any CPU
		{414D2936-6DC9-4C4A-AEF5-5F9BF1BD8A74}.Release|Any CPU.ActiveCfg = Release|Any CPU
		{414D2936-6DC9-4C4A-AEF5-5F9BF1BD8A74}.Release|Any CPU.Build.0 = Release|Any CPU
		{F314839A-B2DA-4B1A-9448-EB74F8C49327}.Debug|Any CPU.ActiveCfg = Debug|Any CPU
		{F314839A-B2DA-4B1A-9448-EB74F8C49327}.Debug|Any CPU.Build.0 = Debug|Any CPU
		{F314839A-B2DA-4B1A-9448-EB74F8C49327}.Release|Any CPU.ActiveCfg = Release|Any CPU
		{F314839A-B2DA-4B1A-9448-EB74F8C49327}.Release|Any CPU.Build.0 = Release|Any CPU
		{F4B1EDF6-D022-46E1-BE42-F1305C9F2469}.Debug|Any CPU.ActiveCfg = Debug|Any CPU
		{F4B1EDF6-D022-46E1-BE42-F1305C9F2469}.Debug|Any CPU.Build.0 = Debug|Any CPU
		{F4B1EDF6-D022-46E1-BE42-F1305C9F2469}.Release|Any CPU.ActiveCfg = Release|Any CPU
		{F4B1EDF6-D022-46E1-BE42-F1305C9F2469}.Release|Any CPU.Build.0 = Release|Any CPU
		{F8338DAE-B1D9-4FC3-B082-DF37D5ECDB7A}.Debug|Any CPU.ActiveCfg = Debug|Any CPU
		{F8338DAE-B1D9-4FC3-B082-DF37D5ECDB7A}.Debug|Any CPU.Build.0 = Debug|Any CPU
		{F8338DAE-B1D9-4FC3-B082-DF37D5ECDB7A}.Release|Any CPU.ActiveCfg = Release|Any CPU
		{F8338DAE-B1D9-4FC3-B082-DF37D5ECDB7A}.Release|Any CPU.Build.0 = Release|Any CPU
		{87C75172-6894-4F39-A4CD-FFEEAAB53C96}.Debug|Any CPU.ActiveCfg = Debug|Any CPU
		{87C75172-6894-4F39-A4CD-FFEEAAB53C96}.Debug|Any CPU.Build.0 = Debug|Any CPU
		{87C75172-6894-4F39-A4CD-FFEEAAB53C96}.Debug|Any CPU.Deploy.0 = Debug|Any CPU
		{87C75172-6894-4F39-A4CD-FFEEAAB53C96}.Release|Any CPU.ActiveCfg = Release|Any CPU
		{87C75172-6894-4F39-A4CD-FFEEAAB53C96}.Release|Any CPU.Build.0 = Release|Any CPU
		{87C75172-6894-4F39-A4CD-FFEEAAB53C96}.Release|Any CPU.Deploy.0 = Release|Any CPU
		{584AFD12-7663-4CBF-A7B4-4BE6A114CD5A}.Debug|Any CPU.ActiveCfg = Debug|Any CPU
		{584AFD12-7663-4CBF-A7B4-4BE6A114CD5A}.Debug|Any CPU.Build.0 = Debug|Any CPU
		{584AFD12-7663-4CBF-A7B4-4BE6A114CD5A}.Release|Any CPU.ActiveCfg = Release|Any CPU
		{584AFD12-7663-4CBF-A7B4-4BE6A114CD5A}.Release|Any CPU.Build.0 = Release|Any CPU
		{5FBE6C35-4566-4994-BA6A-F97FC8F48F92}.Debug|Any CPU.ActiveCfg = Debug|Any CPU
		{5FBE6C35-4566-4994-BA6A-F97FC8F48F92}.Debug|Any CPU.Build.0 = Debug|Any CPU
		{5FBE6C35-4566-4994-BA6A-F97FC8F48F92}.Release|Any CPU.ActiveCfg = Release|Any CPU
		{5FBE6C35-4566-4994-BA6A-F97FC8F48F92}.Release|Any CPU.Build.0 = Release|Any CPU
		{EBB9C14E-5E40-4567-82ED-8961B31E3499}.Debug|Any CPU.ActiveCfg = Debug|Any CPU
		{EBB9C14E-5E40-4567-82ED-8961B31E3499}.Debug|Any CPU.Build.0 = Debug|Any CPU
		{EBB9C14E-5E40-4567-82ED-8961B31E3499}.Release|Any CPU.ActiveCfg = Release|Any CPU
		{EBB9C14E-5E40-4567-82ED-8961B31E3499}.Release|Any CPU.Build.0 = Release|Any CPU
		{742D4278-7225-4EDF-9511-BDB0D4CC9511}.Debug|Any CPU.ActiveCfg = Debug|Any CPU
		{742D4278-7225-4EDF-9511-BDB0D4CC9511}.Debug|Any CPU.Build.0 = Debug|Any CPU
		{742D4278-7225-4EDF-9511-BDB0D4CC9511}.Release|Any CPU.ActiveCfg = Release|Any CPU
		{742D4278-7225-4EDF-9511-BDB0D4CC9511}.Release|Any CPU.Build.0 = Release|Any CPU
		{B67890C4-6823-46A2-BE4D-C5388618F86E}.Debug|Any CPU.ActiveCfg = Debug|Any CPU
		{B67890C4-6823-46A2-BE4D-C5388618F86E}.Debug|Any CPU.Build.0 = Debug|Any CPU
		{B67890C4-6823-46A2-BE4D-C5388618F86E}.Release|Any CPU.ActiveCfg = Release|Any CPU
		{B67890C4-6823-46A2-BE4D-C5388618F86E}.Release|Any CPU.Build.0 = Release|Any CPU
		{333E528A-FB9E-46CD-9149-25BC9A930BF3}.Debug|Any CPU.ActiveCfg = Debug|Any CPU
		{333E528A-FB9E-46CD-9149-25BC9A930BF3}.Debug|Any CPU.Build.0 = Debug|Any CPU
		{333E528A-FB9E-46CD-9149-25BC9A930BF3}.Release|Any CPU.ActiveCfg = Release|Any CPU
		{333E528A-FB9E-46CD-9149-25BC9A930BF3}.Release|Any CPU.Build.0 = Release|Any CPU
		{2B9E9D62-2BD2-4DC4-B66B-00DB4ABFCFE4}.Debug|Any CPU.ActiveCfg = Debug|Any CPU
		{2B9E9D62-2BD2-4DC4-B66B-00DB4ABFCFE4}.Debug|Any CPU.Build.0 = Debug|Any CPU
		{2B9E9D62-2BD2-4DC4-B66B-00DB4ABFCFE4}.Release|Any CPU.ActiveCfg = Release|Any CPU
		{2B9E9D62-2BD2-4DC4-B66B-00DB4ABFCFE4}.Release|Any CPU.Build.0 = Release|Any CPU
		{3710AE1E-8964-4403-986F-A8F98F51BFA3}.Debug|Any CPU.ActiveCfg = Debug|Any CPU
		{3710AE1E-8964-4403-986F-A8F98F51BFA3}.Debug|Any CPU.Build.0 = Debug|Any CPU
		{3710AE1E-8964-4403-986F-A8F98F51BFA3}.Release|Any CPU.ActiveCfg = Release|Any CPU
		{3710AE1E-8964-4403-986F-A8F98F51BFA3}.Release|Any CPU.Build.0 = Release|Any CPU
		{C869B349-4C00-49E6-836E-470FF2CEBCBB}.Debug|Any CPU.ActiveCfg = Debug|Any CPU
		{C869B349-4C00-49E6-836E-470FF2CEBCBB}.Debug|Any CPU.Build.0 = Debug|Any CPU
		{C869B349-4C00-49E6-836E-470FF2CEBCBB}.Release|Any CPU.ActiveCfg = Release|Any CPU
		{C869B349-4C00-49E6-836E-470FF2CEBCBB}.Release|Any CPU.Build.0 = Release|Any CPU
	EndGlobalSection
	GlobalSection(SolutionProperties) = preSolution
		HideSolutionNode = FALSE
	EndGlobalSection
	GlobalSection(NestedProjects) = preSolution
		{BCABDAC2-C43A-4A76-A20E-651D1D8CDB24} = {9F820E29-61E6-45F3-8094-7A3DE92D5601}
		{B7A79594-B164-4A43-91B7-BE2DB01CA2F0} = {9F820E29-61E6-45F3-8094-7A3DE92D5601}
		{D4266561-563B-4D6B-B63C-58FBD68EDC5D} = {6D7EEFC2-7FDB-4034-A6E1-F7B9166B4D74}
		{C26B0474-2366-4B01-8B89-3DB280F12EDC} = {6D7EEFC2-7FDB-4034-A6E1-F7B9166B4D74}
		{FEBC70EC-985A-461E-8179-8585D80DDA23} = {7950EF01-E7D6-415B-948B-298EFE62029F}
		{E2FCAE6D-A408-43D7-9EA5-1428ADE25665} = {7950EF01-E7D6-415B-948B-298EFE62029F}
		{174D09E9-590A-4B2F-B258-D74D1B829D5F} = {7950EF01-E7D6-415B-948B-298EFE62029F}
		{CBC2ECB7-92C2-43F2-ADA4-E2E65C1652D2} = {7950EF01-E7D6-415B-948B-298EFE62029F}
		{094E7F19-91DE-46EB-BA65-473FB761BFCE} = {7950EF01-E7D6-415B-948B-298EFE62029F}
		{F0A081A4-6046-4A99-8EC4-B4EC90A73C1C} = {9A88A6ED-C442-472C-9089-2CB1CCBE0E66}
		{4235AE94-C13F-4AF7-8B93-E9D17217A4FA} = {9A88A6ED-C442-472C-9089-2CB1CCBE0E66}
		{F02343D9-1177-4705-8191-2F2893AD0FEE} = {9A88A6ED-C442-472C-9089-2CB1CCBE0E66}
		{029CBF60-C4FB-4CBB-A619-68955932D00D} = {ABFD6237-5E93-40B3-873F-BDD68C7D4FB7}
		{178057AB-1A4B-4390-9D05-12DFB7687A36} = {ABFD6237-5E93-40B3-873F-BDD68C7D4FB7}
		{414D2936-6DC9-4C4A-AEF5-5F9BF1BD8A74} = {77B43E03-BF35-4108-B1E4-32802E82CE33}
		{F314839A-B2DA-4B1A-9448-EB74F8C49327} = {77B43E03-BF35-4108-B1E4-32802E82CE33}
		{F4B1EDF6-D022-46E1-BE42-F1305C9F2469} = {AD5B3A80-2ED3-44A2-A0BB-E1BDD14EB600}
		{F8338DAE-B1D9-4FC3-B082-DF37D5ECDB7A} = {AD5B3A80-2ED3-44A2-A0BB-E1BDD14EB600}
		{87C75172-6894-4F39-A4CD-FFEEAAB53C96} = {AD5B3A80-2ED3-44A2-A0BB-E1BDD14EB600}
		{584AFD12-7663-4CBF-A7B4-4BE6A114CD5A} = {AD5B3A80-2ED3-44A2-A0BB-E1BDD14EB600}
		{EBB9C14E-5E40-4567-82ED-8961B31E3499} = {8268D674-FE0E-41B2-B654-2934A451207C}
		{742D4278-7225-4EDF-9511-BDB0D4CC9511} = {8268D674-FE0E-41B2-B654-2934A451207C}
		{B67890C4-6823-46A2-BE4D-C5388618F86E} = {8CFCA658-0C45-4EDF-BD5D-21D55DDDE4C9}
		{333E528A-FB9E-46CD-9149-25BC9A930BF3} = {8CFCA658-0C45-4EDF-BD5D-21D55DDDE4C9}
	EndGlobalSection
EndGlobal
