
Microsoft Visual Studio Solution File, Format Version 12.00
# Visual Studio Version 17
VisualStudioVersion = 17.12.35707.178
MinimumVisualStudioVersion = 10.0.40219.1
Project("{FAE04EC0-301F-11D3-BF4B-00C04F79EFBC}") = "GuestBook", "GuestBook\GuestBook.csproj", "{E9C2588D-4744-477D-8785-9C775A172BF1}"
EndProject
Project("{2150E333-8FDC-42A3-9474-1A3956D46DE8}") = "BetterGuestBook", "BetterGuestBook", "{763908BD-BAA0-4111-8E0C-C82197293260}"
	ProjectSection(SolutionItems) = preProject
		BetterGuestBookApp\readme.txt = BetterGuestBookApp\readme.txt
	EndProjectSection
EndProject
Project("{FAE04EC0-301F-11D3-BF4B-00C04F79EFBC}") = "BetterGuestBook", "BetterGuestBookApp\BetterGuestBook\BetterGuestBook.csproj", "{4437DB42-264F-4442-ADF3-D161FDD0667E}"
EndProject
Project("{FAE04EC0-301F-11D3-BF4B-00C04F79EFBC}") = "GuestBookLibrary", "BetterGuestBookApp\GuestBookLibrary\GuestBookLibrary.csproj", "{59A8F8B1-2455-49BB-9CE8-197830D8E5DC}"
EndProject
Project("{2150E333-8FDC-42A3-9474-1A3956D46DE8}") = "EntityFramework", "EntityFramework", "{97D2C53F-76B2-4F0F-BF21-E561AA0BD4C9}"
	ProjectSection(SolutionItems) = preProject
		EntityFrameworkApp\readme.txt = EntityFrameworkApp\readme.txt
	EndProjectSection
EndProject
Project("{FAE04EC0-301F-11D3-BF4B-00C04F79EFBC}") = "DataAccessLibrary", "EntityFrameworkApp\DataAccessLibrary\DataAccessLibrary.csproj", "{D2BDA34F-8961-401F-B6C3-8055F1E13EAA}"
EndProject
Project("{FAE04EC0-301F-11D3-BF4B-00C04F79EFBC}") = "EntityFramework", "EntityFrameworkApp\EntityFramework\EntityFramework.csproj", "{932A0AB0-FD59-48C7-A8DF-A388F1ECC0B5}"
EndProject
Project("{2150E333-8FDC-42A3-9474-1A3956D46DE8}") = "HotelApp", "HotelApp", "{DCAC8B93-5D1B-4142-A82E-1458297B08E7}"
	ProjectSection(SolutionItems) = preProject
		HotelApp\readme.txt = HotelApp\readme.txt
	EndProjectSection
EndProject
Project("{FAE04EC0-301F-11D3-BF4B-00C04F79EFBC}") = "HotelApp.Desktop", "HotelApp\HotelApp.Desktop\HotelApp.Desktop.csproj", "{A2EF7CA3-E86F-4281-9603-2D4C9A159CCD}"
EndProject
Project("{FAE04EC0-301F-11D3-BF4B-00C04F79EFBC}") = "HotelApp.Webb", "HotelApp\HotelApp.Webb\HotelApp.Webb.csproj", "{3CAC9745-8F24-4CEA-A66A-B7A87D43D313}"
EndProject
Project("{00D1A9C2-B5F0-4AF3-8072-F6C62B433612}") = "HotelAppDB", "HotelApp\HotelAppDB\HotelAppDB.sqlproj", "{87C75172-6894-4F39-A4CD-FFEEAAB53C96}"
EndProject
Project("{FAE04EC0-301F-11D3-BF4B-00C04F79EFBC}") = "HotelAppLibrary", "HotelApp\HotelAppLibrary\HotelAppLibrary.csproj", "{9A632E87-1FD6-493C-86C3-10BE0EC353BE}"
EndProject
Project("{FAE04EC0-301F-11D3-BF4B-00C04F79EFBC}") = "MessageWall", "MessageWall\MessageWall.csproj", "{5FBE6C35-4566-4994-BA6A-F97FC8F48F92}"
EndProject
Project("{2150E333-8FDC-42A3-9474-1A3956D46DE8}") = "NoSqlDatabase", "NoSqlDatabase", "{9F8076F0-8024-4F89-A90A-6FD3A4660960}"
	ProjectSection(SolutionItems) = preProject
		NoSqlDatabaseApp\readme.txt = NoSqlDatabaseApp\readme.txt
	EndProjectSection
EndProject
Project("{FAE04EC0-301F-11D3-BF4B-00C04F79EFBC}") = "DataAccessLibrary", "NoSqlDatabaseApp\DataAccessLibrary\DataAccessLibrary.csproj", "{FDD1F141-BEAB-4835-8343-51685D788BF0}"
EndProject
Project("{FAE04EC0-301F-11D3-BF4B-00C04F79EFBC}") = "CosmosDB", "NoSqlDatabaseApp\CosmosDB\CosmosDB.csproj", "{5D7088A2-D0D7-4769-A6AE-D47A9639E762}"
EndProject
Project("{FAE04EC0-301F-11D3-BF4B-00C04F79EFBC}") = "MongoDB", "NoSqlDatabaseApp\MongoDB\MongoDB.csproj", "{C3D9055A-47F2-4333-A8C8-2F3CC928634B}"
EndProject
Project("{FAE04EC0-301F-11D3-BF4B-00C04F79EFBC}") = "Pong", "Pong\Pong.csproj", "{BC897B5A-05EA-41C5-8A6B-6C58A35CCD35}"
EndProject
Project("{FAE04EC0-301F-11D3-BF4B-00C04F79EFBC}") = "RgbCube", "RgbCube\RgbCube.csproj", "{3710AE1E-8964-4403-986F-A8F98F51BFA3}"
EndProject
Project("{FAE04EC0-301F-11D3-BF4B-00C04F79EFBC}") = "WpfCanvas", "WpfCanvas\WpfCanvas.csproj", "{C869B349-4C00-49E6-836E-470FF2CEBCBB}"
EndProject
Project("{2150E333-8FDC-42A3-9474-1A3956D46DE8}") = "SqlDatabase", "SqlDatabase", "{7D07FA04-5F69-4190-9C83-D489AEC9D4D3}"
	ProjectSection(SolutionItems) = preProject
		SqlDatabaseApp\readme.txt = SqlDatabaseApp\readme.txt
	EndProjectSection
EndProject
Project("{FAE04EC0-301F-11D3-BF4B-00C04F79EFBC}") = "DataAccessLibrary", "SqlDatabaseApp\DataAccessLibrary\DataAccessLibrary.csproj", "{27F52393-A5E7-4729-A4FD-7D61E8DA3F2A}"
EndProject
Project("{FAE04EC0-301F-11D3-BF4B-00C04F79EFBC}") = "MySqlDatabase", "SqlDatabaseApp\MySqlDatabase\MySqlDatabase.csproj", "{E8ACF640-7BB6-4256-871C-001D0BE906AB}"
EndProject
Project("{FAE04EC0-301F-11D3-BF4B-00C04F79EFBC}") = "SqlDatabase", "SqlDatabaseApp\SqlDatabase\SqlDatabase.csproj", "{E7F9D3FA-F1A0-4684-A26D-97F22DA64B7B}"
EndProject
Project("{00D1A9C2-B5F0-4AF3-8072-F6C62B433612}") = "SqlDB", "SqlDatabaseApp\SqlDB\SqlDB.sqlproj", "{094E7F19-91DE-46EB-BA65-473FB761BFCE}"
EndProject
Project("{FAE04EC0-301F-11D3-BF4B-00C04F79EFBC}") = "SQLiteDatabase", "SqlDatabaseApp\SQLiteDatabase\SQLiteDatabase.csproj", "{EA822527-F938-45A0-A9FF-62E1F053F908}"
EndProject
Project("{2150E333-8FDC-42A3-9474-1A3956D46DE8}") = "TextFile", "TextFile", "{2E6B59CD-AE52-4E47-8CE3-220C9DD70F67}"
	ProjectSection(SolutionItems) = preProject
		TextFileApp\readme.txt = TextFileApp\readme.txt
	EndProjectSection
EndProject
Project("{FAE04EC0-301F-11D3-BF4B-00C04F79EFBC}") = "DataAccessLibrary", "TextFileApp\DataAccessLibrary\DataAccessLibrary.csproj", "{522B272F-FCA9-4BC8-8A46-7A8680EE774E}"
EndProject
Project("{FAE04EC0-301F-11D3-BF4B-00C04F79EFBC}") = "TextFile", "TextFileApp\TextFile\TextFile.csproj", "{8A9D56CB-BFE7-49D2-92EA-ECC3330426AD}"
EndProject
Project("{2150E333-8FDC-42A3-9474-1A3956D46DE8}") = "TournamentTracker", "TournamentTracker", "{BF4A2F95-02A4-4CDF-919F-D92E966ADEA6}"
	ProjectSection(SolutionItems) = preProject
		TournamentTracker\readme.txt = TournamentTracker\readme.txt
	EndProjectSection
EndProject
Project("{FAE04EC0-301F-11D3-BF4B-00C04F79EFBC}") = "TrackerLibrary", "TournamentTracker\TournamentTracker\TrackerLibrary\TrackerLibrary.csproj", "{B67890C4-6823-46A2-BE4D-C5388618F86E}"
EndProject
Project("{FAE04EC0-301F-11D3-BF4B-00C04F79EFBC}") = "TrackerUI-WinForms", "TournamentTracker\TournamentTracker\TrackerUI-WinForms\TrackerUI-WinForms.csproj", "{333E528A-FB9E-46CD-9149-25BC9A930BF3}"
EndProject
Project("{FAE04EC0-301F-11D3-BF4B-00C04F79EFBC}") = "WinForms", "WinForms\WinForms.csproj", "{6FB6CCD5-FA9A-4244-BDA3-11AE4FD1BF72}"
EndProject
Project("{FAE04EC0-301F-11D3-BF4B-00C04F79EFBC}") = "WinFormsMiniProject", "WinFormsMiniProject\WinFormsMiniProject.csproj", "{7C25C9EC-CB9F-4E3B-ACF3-B0142639ED1B}"
EndProject
Project("{FAE04EC0-301F-11D3-BF4B-00C04F79EFBC}") = "WPF", "WPF\WPF.csproj", "{E028A2E3-BCC3-43F2-AF76-9CDDD54058B1}"
EndProject
Project("{FAE04EC0-301F-11D3-BF4B-00C04F79EFBC}") = "WpfMessageWall", "WpfMessageWall\WpfMessageWall.csproj", "{E1EDC182-13A8-44E9-8778-C07DD0F37931}"
EndProject
Project("{2150E333-8FDC-42A3-9474-1A3956D46DE8}") = "WpfMiniProject", "WpfMiniProject", "{882A6529-89AC-4AF6-AA85-8D79EC7DE45D}"
	ProjectSection(SolutionItems) = preProject
		WpfMiniProjectApp\readme.txt = WpfMiniProjectApp\readme.txt
	EndProjectSection
EndProject
Project("{FAE04EC0-301F-11D3-BF4B-00C04F79EFBC}") = "Library", "WpfMiniProjectApp\Library\Library.csproj", "{558096AD-256E-4374-9F0E-678735BAD517}"
EndProject
Project("{FAE04EC0-301F-11D3-BF4B-00C04F79EFBC}") = "WpfMiniProject", "WpfMiniProjectApp\WpfMiniProject\WpfMiniProject.csproj", "{D31BF0A0-23AF-423B-80FB-00C5A3DC694F}"
EndProject
Project("{FAE04EC0-301F-11D3-BF4B-00C04F79EFBC}") = "BlazorWebAssembly", "BlazorWebAssembly\BlazorWebAssembly.csproj", "{959EA7E9-24B2-45B0-8336-1E0A9555342D}"
EndProject
Global
	GlobalSection(SolutionConfigurationPlatforms) = preSolution
		Debug|Any CPU = Debug|Any CPU
		Release|Any CPU = Release|Any CPU
	EndGlobalSection
	GlobalSection(ProjectConfigurationPlatforms) = postSolution
		{E9C2588D-4744-477D-8785-9C775A172BF1}.Debug|Any CPU.ActiveCfg = Debug|Any CPU
		{E9C2588D-4744-477D-8785-9C775A172BF1}.Debug|Any CPU.Build.0 = Debug|Any CPU
		{E9C2588D-4744-477D-8785-9C775A172BF1}.Release|Any CPU.ActiveCfg = Release|Any CPU
		{E9C2588D-4744-477D-8785-9C775A172BF1}.Release|Any CPU.Build.0 = Release|Any CPU
		{4437DB42-264F-4442-ADF3-D161FDD0667E}.Debug|Any CPU.ActiveCfg = Debug|Any CPU
		{4437DB42-264F-4442-ADF3-D161FDD0667E}.Debug|Any CPU.Build.0 = Debug|Any CPU
		{4437DB42-264F-4442-ADF3-D161FDD0667E}.Release|Any CPU.ActiveCfg = Release|Any CPU
		{4437DB42-264F-4442-ADF3-D161FDD0667E}.Release|Any CPU.Build.0 = Release|Any CPU
		{59A8F8B1-2455-49BB-9CE8-197830D8E5DC}.Debug|Any CPU.ActiveCfg = Debug|Any CPU
		{59A8F8B1-2455-49BB-9CE8-197830D8E5DC}.Debug|Any CPU.Build.0 = Debug|Any CPU
		{59A8F8B1-2455-49BB-9CE8-197830D8E5DC}.Release|Any CPU.ActiveCfg = Release|Any CPU
		{59A8F8B1-2455-49BB-9CE8-197830D8E5DC}.Release|Any CPU.Build.0 = Release|Any CPU
		{D2BDA34F-8961-401F-B6C3-8055F1E13EAA}.Debug|Any CPU.ActiveCfg = Debug|Any CPU
		{D2BDA34F-8961-401F-B6C3-8055F1E13EAA}.Debug|Any CPU.Build.0 = Debug|Any CPU
		{D2BDA34F-8961-401F-B6C3-8055F1E13EAA}.Release|Any CPU.ActiveCfg = Release|Any CPU
		{D2BDA34F-8961-401F-B6C3-8055F1E13EAA}.Release|Any CPU.Build.0 = Release|Any CPU
		{932A0AB0-FD59-48C7-A8DF-A388F1ECC0B5}.Debug|Any CPU.ActiveCfg = Debug|Any CPU
		{932A0AB0-FD59-48C7-A8DF-A388F1ECC0B5}.Debug|Any CPU.Build.0 = Debug|Any CPU
		{932A0AB0-FD59-48C7-A8DF-A388F1ECC0B5}.Release|Any CPU.ActiveCfg = Release|Any CPU
		{932A0AB0-FD59-48C7-A8DF-A388F1ECC0B5}.Release|Any CPU.Build.0 = Release|Any CPU
		{A2EF7CA3-E86F-4281-9603-2D4C9A159CCD}.Debug|Any CPU.ActiveCfg = Debug|Any CPU
		{A2EF7CA3-E86F-4281-9603-2D4C9A159CCD}.Debug|Any CPU.Build.0 = Debug|Any CPU
		{A2EF7CA3-E86F-4281-9603-2D4C9A159CCD}.Release|Any CPU.ActiveCfg = Release|Any CPU
		{A2EF7CA3-E86F-4281-9603-2D4C9A159CCD}.Release|Any CPU.Build.0 = Release|Any CPU
		{3CAC9745-8F24-4CEA-A66A-B7A87D43D313}.Debug|Any CPU.ActiveCfg = Debug|Any CPU
		{3CAC9745-8F24-4CEA-A66A-B7A87D43D313}.Debug|Any CPU.Build.0 = Debug|Any CPU
		{3CAC9745-8F24-4CEA-A66A-B7A87D43D313}.Release|Any CPU.ActiveCfg = Release|Any CPU
		{3CAC9745-8F24-4CEA-A66A-B7A87D43D313}.Release|Any CPU.Build.0 = Release|Any CPU
		{87C75172-6894-4F39-A4CD-FFEEAAB53C96}.Debug|Any CPU.ActiveCfg = Debug|Any CPU
		{87C75172-6894-4F39-A4CD-FFEEAAB53C96}.Debug|Any CPU.Build.0 = Debug|Any CPU
		{87C75172-6894-4F39-A4CD-FFEEAAB53C96}.Debug|Any CPU.Deploy.0 = Debug|Any CPU
		{87C75172-6894-4F39-A4CD-FFEEAAB53C96}.Release|Any CPU.ActiveCfg = Release|Any CPU
		{87C75172-6894-4F39-A4CD-FFEEAAB53C96}.Release|Any CPU.Build.0 = Release|Any CPU
		{87C75172-6894-4F39-A4CD-FFEEAAB53C96}.Release|Any CPU.Deploy.0 = Release|Any CPU
		{9A632E87-1FD6-493C-86C3-10BE0EC353BE}.Debug|Any CPU.ActiveCfg = Debug|Any CPU
		{9A632E87-1FD6-493C-86C3-10BE0EC353BE}.Debug|Any CPU.Build.0 = Debug|Any CPU
		{9A632E87-1FD6-493C-86C3-10BE0EC353BE}.Release|Any CPU.ActiveCfg = Release|Any CPU
		{9A632E87-1FD6-493C-86C3-10BE0EC353BE}.Release|Any CPU.Build.0 = Release|Any CPU
		{5FBE6C35-4566-4994-BA6A-F97FC8F48F92}.Debug|Any CPU.ActiveCfg = Debug|Any CPU
		{5FBE6C35-4566-4994-BA6A-F97FC8F48F92}.Debug|Any CPU.Build.0 = Debug|Any CPU
		{5FBE6C35-4566-4994-BA6A-F97FC8F48F92}.Release|Any CPU.ActiveCfg = Release|Any CPU
		{5FBE6C35-4566-4994-BA6A-F97FC8F48F92}.Release|Any CPU.Build.0 = Release|Any CPU
		{FDD1F141-BEAB-4835-8343-51685D788BF0}.Debug|Any CPU.ActiveCfg = Debug|Any CPU
		{FDD1F141-BEAB-4835-8343-51685D788BF0}.Debug|Any CPU.Build.0 = Debug|Any CPU
		{FDD1F141-BEAB-4835-8343-51685D788BF0}.Release|Any CPU.ActiveCfg = Release|Any CPU
		{FDD1F141-BEAB-4835-8343-51685D788BF0}.Release|Any CPU.Build.0 = Release|Any CPU
		{5D7088A2-D0D7-4769-A6AE-D47A9639E762}.Debug|Any CPU.ActiveCfg = Debug|Any CPU
		{5D7088A2-D0D7-4769-A6AE-D47A9639E762}.Debug|Any CPU.Build.0 = Debug|Any CPU
		{5D7088A2-D0D7-4769-A6AE-D47A9639E762}.Release|Any CPU.ActiveCfg = Release|Any CPU
		{5D7088A2-D0D7-4769-A6AE-D47A9639E762}.Release|Any CPU.Build.0 = Release|Any CPU
		{C3D9055A-47F2-4333-A8C8-2F3CC928634B}.Debug|Any CPU.ActiveCfg = Debug|Any CPU
		{C3D9055A-47F2-4333-A8C8-2F3CC928634B}.Debug|Any CPU.Build.0 = Debug|Any CPU
		{C3D9055A-47F2-4333-A8C8-2F3CC928634B}.Release|Any CPU.ActiveCfg = Release|Any CPU
		{C3D9055A-47F2-4333-A8C8-2F3CC928634B}.Release|Any CPU.Build.0 = Release|Any CPU
		{BC897B5A-05EA-41C5-8A6B-6C58A35CCD35}.Debug|Any CPU.ActiveCfg = Debug|Any CPU
		{BC897B5A-05EA-41C5-8A6B-6C58A35CCD35}.Debug|Any CPU.Build.0 = Debug|Any CPU
		{BC897B5A-05EA-41C5-8A6B-6C58A35CCD35}.Release|Any CPU.ActiveCfg = Release|Any CPU
		{BC897B5A-05EA-41C5-8A6B-6C58A35CCD35}.Release|Any CPU.Build.0 = Release|Any CPU
		{3710AE1E-8964-4403-986F-A8F98F51BFA3}.Debug|Any CPU.ActiveCfg = Debug|Any CPU
		{3710AE1E-8964-4403-986F-A8F98F51BFA3}.Debug|Any CPU.Build.0 = Debug|Any CPU
		{3710AE1E-8964-4403-986F-A8F98F51BFA3}.Release|Any CPU.ActiveCfg = Release|Any CPU
		{3710AE1E-8964-4403-986F-A8F98F51BFA3}.Release|Any CPU.Build.0 = Release|Any CPU
		{C869B349-4C00-49E6-836E-470FF2CEBCBB}.Debug|Any CPU.ActiveCfg = Debug|Any CPU
		{C869B349-4C00-49E6-836E-470FF2CEBCBB}.Debug|Any CPU.Build.0 = Debug|Any CPU
		{C869B349-4C00-49E6-836E-470FF2CEBCBB}.Release|Any CPU.ActiveCfg = Release|Any CPU
		{C869B349-4C00-49E6-836E-470FF2CEBCBB}.Release|Any CPU.Build.0 = Release|Any CPU
		{27F52393-A5E7-4729-A4FD-7D61E8DA3F2A}.Debug|Any CPU.ActiveCfg = Debug|Any CPU
		{27F52393-A5E7-4729-A4FD-7D61E8DA3F2A}.Debug|Any CPU.Build.0 = Debug|Any CPU
		{27F52393-A5E7-4729-A4FD-7D61E8DA3F2A}.Release|Any CPU.ActiveCfg = Release|Any CPU
		{27F52393-A5E7-4729-A4FD-7D61E8DA3F2A}.Release|Any CPU.Build.0 = Release|Any CPU
		{E8ACF640-7BB6-4256-871C-001D0BE906AB}.Debug|Any CPU.ActiveCfg = Debug|Any CPU
		{E8ACF640-7BB6-4256-871C-001D0BE906AB}.Debug|Any CPU.Build.0 = Debug|Any CPU
		{E8ACF640-7BB6-4256-871C-001D0BE906AB}.Release|Any CPU.ActiveCfg = Release|Any CPU
		{E8ACF640-7BB6-4256-871C-001D0BE906AB}.Release|Any CPU.Build.0 = Release|Any CPU
		{E7F9D3FA-F1A0-4684-A26D-97F22DA64B7B}.Debug|Any CPU.ActiveCfg = Debug|Any CPU
		{E7F9D3FA-F1A0-4684-A26D-97F22DA64B7B}.Debug|Any CPU.Build.0 = Debug|Any CPU
		{E7F9D3FA-F1A0-4684-A26D-97F22DA64B7B}.Release|Any CPU.ActiveCfg = Release|Any CPU
		{E7F9D3FA-F1A0-4684-A26D-97F22DA64B7B}.Release|Any CPU.Build.0 = Release|Any CPU
		{094E7F19-91DE-46EB-BA65-473FB761BFCE}.Debug|Any CPU.ActiveCfg = Debug|Any CPU
		{094E7F19-91DE-46EB-BA65-473FB761BFCE}.Debug|Any CPU.Build.0 = Debug|Any CPU
		{094E7F19-91DE-46EB-BA65-473FB761BFCE}.Debug|Any CPU.Deploy.0 = Debug|Any CPU
		{094E7F19-91DE-46EB-BA65-473FB761BFCE}.Release|Any CPU.ActiveCfg = Release|Any CPU
		{094E7F19-91DE-46EB-BA65-473FB761BFCE}.Release|Any CPU.Build.0 = Release|Any CPU
		{094E7F19-91DE-46EB-BA65-473FB761BFCE}.Release|Any CPU.Deploy.0 = Release|Any CPU
		{EA822527-F938-45A0-A9FF-62E1F053F908}.Debug|Any CPU.ActiveCfg = Debug|Any CPU
		{EA822527-F938-45A0-A9FF-62E1F053F908}.Debug|Any CPU.Build.0 = Debug|Any CPU
		{EA822527-F938-45A0-A9FF-62E1F053F908}.Release|Any CPU.ActiveCfg = Release|Any CPU
		{EA822527-F938-45A0-A9FF-62E1F053F908}.Release|Any CPU.Build.0 = Release|Any CPU
		{522B272F-FCA9-4BC8-8A46-7A8680EE774E}.Debug|Any CPU.ActiveCfg = Debug|Any CPU
		{522B272F-FCA9-4BC8-8A46-7A8680EE774E}.Debug|Any CPU.Build.0 = Debug|Any CPU
		{522B272F-FCA9-4BC8-8A46-7A8680EE774E}.Release|Any CPU.ActiveCfg = Release|Any CPU
		{522B272F-FCA9-4BC8-8A46-7A8680EE774E}.Release|Any CPU.Build.0 = Release|Any CPU
		{8A9D56CB-BFE7-49D2-92EA-ECC3330426AD}.Debug|Any CPU.ActiveCfg = Debug|Any CPU
		{8A9D56CB-BFE7-49D2-92EA-ECC3330426AD}.Debug|Any CPU.Build.0 = Debug|Any CPU
		{8A9D56CB-BFE7-49D2-92EA-ECC3330426AD}.Release|Any CPU.ActiveCfg = Release|Any CPU
		{8A9D56CB-BFE7-49D2-92EA-ECC3330426AD}.Release|Any CPU.Build.0 = Release|Any CPU
		{B67890C4-6823-46A2-BE4D-C5388618F86E}.Debug|Any CPU.ActiveCfg = Debug|Any CPU
		{B67890C4-6823-46A2-BE4D-C5388618F86E}.Debug|Any CPU.Build.0 = Debug|Any CPU
		{B67890C4-6823-46A2-BE4D-C5388618F86E}.Release|Any CPU.ActiveCfg = Release|Any CPU
		{B67890C4-6823-46A2-BE4D-C5388618F86E}.Release|Any CPU.Build.0 = Release|Any CPU
		{333E528A-FB9E-46CD-9149-25BC9A930BF3}.Debug|Any CPU.ActiveCfg = Debug|Any CPU
		{333E528A-FB9E-46CD-9149-25BC9A930BF3}.Debug|Any CPU.Build.0 = Debug|Any CPU
		{333E528A-FB9E-46CD-9149-25BC9A930BF3}.Release|Any CPU.ActiveCfg = Release|Any CPU
		{333E528A-FB9E-46CD-9149-25BC9A930BF3}.Release|Any CPU.Build.0 = Release|Any CPU
		{6FB6CCD5-FA9A-4244-BDA3-11AE4FD1BF72}.Debug|Any CPU.ActiveCfg = Debug|Any CPU
		{6FB6CCD5-FA9A-4244-BDA3-11AE4FD1BF72}.Debug|Any CPU.Build.0 = Debug|Any CPU
		{6FB6CCD5-FA9A-4244-BDA3-11AE4FD1BF72}.Release|Any CPU.ActiveCfg = Release|Any CPU
		{6FB6CCD5-FA9A-4244-BDA3-11AE4FD1BF72}.Release|Any CPU.Build.0 = Release|Any CPU
		{7C25C9EC-CB9F-4E3B-ACF3-B0142639ED1B}.Debug|Any CPU.ActiveCfg = Debug|Any CPU
		{7C25C9EC-CB9F-4E3B-ACF3-B0142639ED1B}.Debug|Any CPU.Build.0 = Debug|Any CPU
		{7C25C9EC-CB9F-4E3B-ACF3-B0142639ED1B}.Release|Any CPU.ActiveCfg = Release|Any CPU
		{7C25C9EC-CB9F-4E3B-ACF3-B0142639ED1B}.Release|Any CPU.Build.0 = Release|Any CPU
		{E028A2E3-BCC3-43F2-AF76-9CDDD54058B1}.Debug|Any CPU.ActiveCfg = Debug|Any CPU
		{E028A2E3-BCC3-43F2-AF76-9CDDD54058B1}.Debug|Any CPU.Build.0 = Debug|Any CPU
		{E028A2E3-BCC3-43F2-AF76-9CDDD54058B1}.Release|Any CPU.ActiveCfg = Release|Any CPU
		{E028A2E3-BCC3-43F2-AF76-9CDDD54058B1}.Release|Any CPU.Build.0 = Release|Any CPU
		{E1EDC182-13A8-44E9-8778-C07DD0F37931}.Debug|Any CPU.ActiveCfg = Debug|Any CPU
		{E1EDC182-13A8-44E9-8778-C07DD0F37931}.Debug|Any CPU.Build.0 = Debug|Any CPU
		{E1EDC182-13A8-44E9-8778-C07DD0F37931}.Release|Any CPU.ActiveCfg = Release|Any CPU
		{E1EDC182-13A8-44E9-8778-C07DD0F37931}.Release|Any CPU.Build.0 = Release|Any CPU
		{558096AD-256E-4374-9F0E-678735BAD517}.Debug|Any CPU.ActiveCfg = Debug|Any CPU
		{558096AD-256E-4374-9F0E-678735BAD517}.Debug|Any CPU.Build.0 = Debug|Any CPU
		{558096AD-256E-4374-9F0E-678735BAD517}.Release|Any CPU.ActiveCfg = Release|Any CPU
		{558096AD-256E-4374-9F0E-678735BAD517}.Release|Any CPU.Build.0 = Release|Any CPU
		{D31BF0A0-23AF-423B-80FB-00C5A3DC694F}.Debug|Any CPU.ActiveCfg = Debug|Any CPU
		{D31BF0A0-23AF-423B-80FB-00C5A3DC694F}.Debug|Any CPU.Build.0 = Debug|Any CPU
		{D31BF0A0-23AF-423B-80FB-00C5A3DC694F}.Release|Any CPU.ActiveCfg = Release|Any CPU
		{D31BF0A0-23AF-423B-80FB-00C5A3DC694F}.Release|Any CPU.Build.0 = Release|Any CPU
		{959EA7E9-24B2-45B0-8336-1E0A9555342D}.Debug|Any CPU.ActiveCfg = Debug|Any CPU
		{959EA7E9-24B2-45B0-8336-1E0A9555342D}.Debug|Any CPU.Build.0 = Debug|Any CPU
		{959EA7E9-24B2-45B0-8336-1E0A9555342D}.Release|Any CPU.ActiveCfg = Release|Any CPU
		{959EA7E9-24B2-45B0-8336-1E0A9555342D}.Release|Any CPU.Build.0 = Release|Any CPU
	EndGlobalSection
	GlobalSection(SolutionProperties) = preSolution
		HideSolutionNode = FALSE
	EndGlobalSection
	GlobalSection(NestedProjects) = preSolution
		{4437DB42-264F-4442-ADF3-D161FDD0667E} = {763908BD-BAA0-4111-8E0C-C82197293260}
		{59A8F8B1-2455-49BB-9CE8-197830D8E5DC} = {763908BD-BAA0-4111-8E0C-C82197293260}
		{D2BDA34F-8961-401F-B6C3-8055F1E13EAA} = {97D2C53F-76B2-4F0F-BF21-E561AA0BD4C9}
		{932A0AB0-FD59-48C7-A8DF-A388F1ECC0B5} = {97D2C53F-76B2-4F0F-BF21-E561AA0BD4C9}
		{A2EF7CA3-E86F-4281-9603-2D4C9A159CCD} = {DCAC8B93-5D1B-4142-A82E-1458297B08E7}
		{3CAC9745-8F24-4CEA-A66A-B7A87D43D313} = {DCAC8B93-5D1B-4142-A82E-1458297B08E7}
		{87C75172-6894-4F39-A4CD-FFEEAAB53C96} = {DCAC8B93-5D1B-4142-A82E-1458297B08E7}
		{9A632E87-1FD6-493C-86C3-10BE0EC353BE} = {DCAC8B93-5D1B-4142-A82E-1458297B08E7}
		{FDD1F141-BEAB-4835-8343-51685D788BF0} = {9F8076F0-8024-4F89-A90A-6FD3A4660960}
		{5D7088A2-D0D7-4769-A6AE-D47A9639E762} = {9F8076F0-8024-4F89-A90A-6FD3A4660960}
		{C3D9055A-47F2-4333-A8C8-2F3CC928634B} = {9F8076F0-8024-4F89-A90A-6FD3A4660960}
		{27F52393-A5E7-4729-A4FD-7D61E8DA3F2A} = {7D07FA04-5F69-4190-9C83-D489AEC9D4D3}
		{E8ACF640-7BB6-4256-871C-001D0BE906AB} = {7D07FA04-5F69-4190-9C83-D489AEC9D4D3}
		{E7F9D3FA-F1A0-4684-A26D-97F22DA64B7B} = {7D07FA04-5F69-4190-9C83-D489AEC9D4D3}
		{094E7F19-91DE-46EB-BA65-473FB761BFCE} = {7D07FA04-5F69-4190-9C83-D489AEC9D4D3}
		{EA822527-F938-45A0-A9FF-62E1F053F908} = {7D07FA04-5F69-4190-9C83-D489AEC9D4D3}
		{522B272F-FCA9-4BC8-8A46-7A8680EE774E} = {2E6B59CD-AE52-4E47-8CE3-220C9DD70F67}
		{8A9D56CB-BFE7-49D2-92EA-ECC3330426AD} = {2E6B59CD-AE52-4E47-8CE3-220C9DD70F67}
		{B67890C4-6823-46A2-BE4D-C5388618F86E} = {BF4A2F95-02A4-4CDF-919F-D92E966ADEA6}
		{333E528A-FB9E-46CD-9149-25BC9A930BF3} = {BF4A2F95-02A4-4CDF-919F-D92E966ADEA6}
		{558096AD-256E-4374-9F0E-678735BAD517} = {882A6529-89AC-4AF6-AA85-8D79EC7DE45D}
		{D31BF0A0-23AF-423B-80FB-00C5A3DC694F} = {882A6529-89AC-4AF6-AA85-8D79EC7DE45D}
	EndGlobalSection
EndGlobal
