
Microsoft Visual Studio Solution File, Format Version 12.00
# Visual Studio Version 17
VisualStudioVersion = 17.2.32616.157
MinimumVisualStudioVersion = 10.0.40219.1
Project("{9A19103F-16F7-4668-BE54-9A1E7A4F7556}") = "Homework61EntityFramework", "Homework61EntityFramework\Homework61EntityFramework.csproj", "{29994524-D56F-4854-9DAD-53BF193C7D7A}"
EndProject
Project("{FAE04EC0-301F-11D3-BF4B-00C04F79EFBC}") = "DataAccessLibrary", "DataAccessLibrary\DataAccessLibrary.csproj", "{F19BA41A-E21F-48D4-BA8F-30AC3D86EC60}"
EndProject
Global
	GlobalSection(SolutionConfigurationPlatforms) = preSolution
		Debug|Any CPU = Debug|Any CPU
		Release|Any CPU = Release|Any CPU
	EndGlobalSection
	GlobalSection(ProjectConfigurationPlatforms) = postSolution
		{29994524-D56F-4854-9DAD-53BF193C7D7A}.Debug|Any CPU.ActiveCfg = Debug|Any CPU
		{29994524-D56F-4854-9DAD-53BF193C7D7A}.Debug|Any CPU.Build.0 = Debug|Any CPU
		{29994524-D56F-4854-9DAD-53BF193C7D7A}.Release|Any CPU.ActiveCfg = Release|Any CPU
		{29994524-D56F-4854-9DAD-53BF193C7D7A}.Release|Any CPU.Build.0 = Release|Any CPU
		{F19BA41A-E21F-48D4-BA8F-30AC3D86EC60}.Debug|Any CPU.ActiveCfg = Debug|Any CPU
		{F19BA41A-E21F-48D4-BA8F-30AC3D86EC60}.Debug|Any CPU.Build.0 = Debug|Any CPU
		{F19BA41A-E21F-48D4-BA8F-30AC3D86EC60}.Release|Any CPU.ActiveCfg = Release|Any CPU
		{F19BA41A-E21F-48D4-BA8F-30AC3D86EC60}.Release|Any CPU.Build.0 = Release|Any CPU
	EndGlobalSection
	GlobalSection(SolutionProperties) = preSolution
		HideSolutionNode = FALSE
	EndGlobalSection
	GlobalSection(ExtensibilityGlobals) = postSolution
		SolutionGuid = {64C9DB5C-A395-40AB-A9A3-AB5B0EF376A4}
	EndGlobalSection
EndGlobal
