
Microsoft Visual Studio Solution File, Format Version 12.00
# Visual Studio Version 17
VisualStudioVersion = 17.2.32616.157
MinimumVisualStudioVersion = 10.0.40219.1
Project("{9A19103F-16F7-4668-BE54-9A1E7A4F7556}") = "Homework58TextFile", "Homework58TextFile\Homework58TextFile.csproj", "{FEC3F577-42F1-4D35-8997-E14F6592189C}"
EndProject
Project("{FAE04EC0-301F-11D3-BF4B-00C04F79EFBC}") = "DataAccessLibrary", "DataAccessLibrary\DataAccessLibrary.csproj", "{19AF7755-42A3-49BA-AA88-7FBDA0202089}"
EndProject
Global
	GlobalSection(SolutionConfigurationPlatforms) = preSolution
		Debug|Any CPU = Debug|Any CPU
		Release|Any CPU = Release|Any CPU
	EndGlobalSection
	GlobalSection(ProjectConfigurationPlatforms) = postSolution
		{FEC3F577-42F1-4D35-8997-E14F6592189C}.Debug|Any CPU.ActiveCfg = Debug|Any CPU
		{FEC3F577-42F1-4D35-8997-E14F6592189C}.Debug|Any CPU.Build.0 = Debug|Any CPU
		{FEC3F577-42F1-4D35-8997-E14F6592189C}.Release|Any CPU.ActiveCfg = Release|Any CPU
		{FEC3F577-42F1-4D35-8997-E14F6592189C}.Release|Any CPU.Build.0 = Release|Any CPU
		{19AF7755-42A3-49BA-AA88-7FBDA0202089}.Debug|Any CPU.ActiveCfg = Debug|Any CPU
		{19AF7755-42A3-49BA-AA88-7FBDA0202089}.Debug|Any CPU.Build.0 = Debug|Any CPU
		{19AF7755-42A3-49BA-AA88-7FBDA0202089}.Release|Any CPU.ActiveCfg = Release|Any CPU
		{19AF7755-42A3-49BA-AA88-7FBDA0202089}.Release|Any CPU.Build.0 = Release|Any CPU
	EndGlobalSection
	GlobalSection(SolutionProperties) = preSolution
		HideSolutionNode = FALSE
	EndGlobalSection
	GlobalSection(ExtensibilityGlobals) = postSolution
		SolutionGuid = {7E69C427-5BAC-4194-94C4-854CE7C328A9}
	EndGlobalSection
EndGlobal
