
Microsoft Visual Studio Solution File, Format Version 12.00
# Visual Studio Version 17
VisualStudioVersion = 17.2.32526.322
MinimumVisualStudioVersion = 10.0.40219.1
Project("{FAE04EC0-301F-11D3-BF4B-00C04F79EFBC}") = "Homework40WinFormsMiniProject", "Homework40WinFormsMiniProject\Homework40WinFormsMiniProject.csproj", "{7C25C9EC-CB9F-4E3B-ACF3-B0142639ED1B}"
EndProject
Global
	GlobalSection(SolutionConfigurationPlatforms) = preSolution
		Debug|Any CPU = Debug|Any CPU
		Release|Any CPU = Release|Any CPU
	EndGlobalSection
	GlobalSection(ProjectConfigurationPlatforms) = postSolution
		{7C25C9EC-CB9F-4E3B-ACF3-B0142639ED1B}.Debug|Any CPU.ActiveCfg = Debug|Any CPU
		{7C25C9EC-CB9F-4E3B-ACF3-B0142639ED1B}.Debug|Any CPU.Build.0 = Debug|Any CPU
		{7C25C9EC-CB9F-4E3B-ACF3-B0142639ED1B}.Release|Any CPU.ActiveCfg = Release|Any CPU
		{7C25C9EC-CB9F-4E3B-ACF3-B0142639ED1B}.Release|Any CPU.Build.0 = Release|Any CPU
	EndGlobalSection
	GlobalSection(SolutionProperties) = preSolution
		HideSolutionNode = FALSE
	EndGlobalSection
	GlobalSection(ExtensibilityGlobals) = postSolution
		SolutionGuid = {3EF07BBF-698F-4C90-8ADF-A91902A3449A}
	EndGlobalSection
EndGlobal
